// !$*UTF8*$!
{
	archiveVersion = 1;
	classes = {
	};
	objectVersion = 50;
	objects = {

/* Begin PBXBuildFile section */
		4B263C6225C778D5009ECF7D /* ApiManager.swift in Sources */ = {isa = PBXBuildFile; fileRef = 4B263C6125C778D5009ECF7D /* ApiManager.swift */; };
		4B263C6A25C77914009ECF7D /* ApiReqObj.swift in Sources */ = {isa = PBXBuildFile; fileRef = 4B263C6925C77914009ECF7D /* ApiReqObj.swift */; };
		4B263C6F25C77A18009ECF7D /* ApiPath.swift in Sources */ = {isa = PBXBuildFile; fileRef = 4B263C6E25C77A18009ECF7D /* ApiPath.swift */; };
		4B263C7425C78C38009ECF7D /* SearchResponse.swift in Sources */ = {isa = PBXBuildFile; fileRef = 4B263C7325C78C38009ECF7D /* SearchResponse.swift */; };
		4B263CA325C7B8D4009ECF7D /* SearchViewController.swift in Sources */ = {isa = PBXBuildFile; fileRef = 4B263CA225C7B8D4009ECF7D /* SearchViewController.swift */; };
		4B5C4E7D25C98AE10056CAB5 /* SearchTableViewCell.swift in Sources */ = {isa = PBXBuildFile; fileRef = 4B5C4E7C25C98AE10056CAB5 /* SearchTableViewCell.swift */; };
		4B94E35025C42947003413A2 /* AppDelegate.swift in Sources */ = {isa = PBXBuildFile; fileRef = 4B94E34F25C42947003413A2 /* AppDelegate.swift */; };
		4B94E35225C42947003413A2 /* SceneDelegate.swift in Sources */ = {isa = PBXBuildFile; fileRef = 4B94E35125C42947003413A2 /* SceneDelegate.swift */; };
		4B94E35725C42947003413A2 /* Main.storyboard in Resources */ = {isa = PBXBuildFile; fileRef = 4B94E35525C42947003413A2 /* Main.storyboard */; };
		4B94E35925C42948003413A2 /* Assets.xcassets in Resources */ = {isa = PBXBuildFile; fileRef = 4B94E35825C42948003413A2 /* Assets.xcassets */; };
		4B94E35C25C42948003413A2 /* LaunchScreen.storyboard in Resources */ = {isa = PBXBuildFile; fileRef = 4B94E35A25C42948003413A2 /* LaunchScreen.storyboard */; };
		4B94E36725C42949003413A2 /* SendbirdAssignTests.swift in Sources */ = {isa = PBXBuildFile; fileRef = 4B94E36625C42949003413A2 /* SendbirdAssignTests.swift */; };
		4B94E37225C42949003413A2 /* SendbirdAssignUITests.swift in Sources */ = {isa = PBXBuildFile; fileRef = 4B94E37125C42949003413A2 /* SendbirdAssignUITests.swift */; };
		4B94E38425C429BA003413A2 /* Book.swift in Sources */ = {isa = PBXBuildFile; fileRef = 4B94E38325C429BA003413A2 /* Book.swift */; };
		4B94E38C25C4310B003413A2 /* Note.swift in Sources */ = {isa = PBXBuildFile; fileRef = 4B94E38B25C4310B003413A2 /* Note.swift */; };
		4BAD112C25CA6BA0007FFB74 /* DetailViewController.swift in Sources */ = {isa = PBXBuildFile; fileRef = 4BAD112B25CA6BA0007FFB74 /* DetailViewController.swift */; };
		4BAD113225CA8C49007FFB74 /* DBManager.swift in Sources */ = {isa = PBXBuildFile; fileRef = 4BAD113125CA8C49007FFB74 /* DBManager.swift */; };
		4BAEECEF25C8EA5200671816 /* Extension.swift in Sources */ = {isa = PBXBuildFile; fileRef = 4BAEECEE25C8EA5200671816 /* Extension.swift */; };
/* End PBXBuildFile section */

/* Begin PBXContainerItemProxy section */
		4B94E36325C42949003413A2 /* PBXContainerItemProxy */ = {
			isa = PBXContainerItemProxy;
			containerPortal = 4B94E34425C42947003413A2 /* Project object */;
			proxyType = 1;
			remoteGlobalIDString = 4B94E34B25C42947003413A2;
			remoteInfo = SendbirdAssign;
		};
		4B94E36E25C42949003413A2 /* PBXContainerItemProxy */ = {
			isa = PBXContainerItemProxy;
			containerPortal = 4B94E34425C42947003413A2 /* Project object */;
			proxyType = 1;
			remoteGlobalIDString = 4B94E34B25C42947003413A2;
			remoteInfo = SendbirdAssign;
		};
/* End PBXContainerItemProxy section */

/* Begin PBXFileReference section */
		4B263C6125C778D5009ECF7D /* ApiManager.swift */ = {isa = PBXFileReference; lastKnownFileType = sourcecode.swift; path = ApiManager.swift; sourceTree = "<group>"; };
		4B263C6925C77914009ECF7D /* ApiReqObj.swift */ = {isa = PBXFileReference; lastKnownFileType = sourcecode.swift; path = ApiReqObj.swift; sourceTree = "<group>"; };
		4B263C6E25C77A18009ECF7D /* ApiPath.swift */ = {isa = PBXFileReference; lastKnownFileType = sourcecode.swift; path = ApiPath.swift; sourceTree = "<group>"; };
		4B263C7325C78C38009ECF7D /* SearchResponse.swift */ = {isa = PBXFileReference; lastKnownFileType = sourcecode.swift; path = SearchResponse.swift; sourceTree = "<group>"; };
		4B263CA225C7B8D4009ECF7D /* SearchViewController.swift */ = {isa = PBXFileReference; lastKnownFileType = sourcecode.swift; path = SearchViewController.swift; sourceTree = "<group>"; };
		4B5C4E7C25C98AE10056CAB5 /* SearchTableViewCell.swift */ = {isa = PBXFileReference; lastKnownFileType = sourcecode.swift; path = SearchTableViewCell.swift; sourceTree = "<group>"; };
		4B94E34C25C42947003413A2 /* SendbirdAssign.app */ = {isa = PBXFileReference; explicitFileType = wrapper.application; includeInIndex = 0; path = SendbirdAssign.app; sourceTree = BUILT_PRODUCTS_DIR; };
		4B94E34F25C42947003413A2 /* AppDelegate.swift */ = {isa = PBXFileReference; lastKnownFileType = sourcecode.swift; path = AppDelegate.swift; sourceTree = "<group>"; };
		4B94E35125C42947003413A2 /* SceneDelegate.swift */ = {isa = PBXFileReference; lastKnownFileType = sourcecode.swift; path = SceneDelegate.swift; sourceTree = "<group>"; };
		4B94E35625C42947003413A2 /* Base */ = {isa = PBXFileReference; lastKnownFileType = file.storyboard; name = Base; path = Base.lproj/Main.storyboard; sourceTree = "<group>"; };
		4B94E35825C42948003413A2 /* Assets.xcassets */ = {isa = PBXFileReference; lastKnownFileType = folder.assetcatalog; path = Assets.xcassets; sourceTree = "<group>"; };
		4B94E35B25C42948003413A2 /* Base */ = {isa = PBXFileReference; lastKnownFileType = file.storyboard; name = Base; path = Base.lproj/LaunchScreen.storyboard; sourceTree = "<group>"; };
		4B94E35D25C42948003413A2 /* Info.plist */ = {isa = PBXFileReference; lastKnownFileType = text.plist.xml; path = Info.plist; sourceTree = "<group>"; };
		4B94E36225C42949003413A2 /* SendbirdAssignTests.xctest */ = {isa = PBXFileReference; explicitFileType = wrapper.cfbundle; includeInIndex = 0; path = SendbirdAssignTests.xctest; sourceTree = BUILT_PRODUCTS_DIR; };
		4B94E36625C42949003413A2 /* SendbirdAssignTests.swift */ = {isa = PBXFileReference; lastKnownFileType = sourcecode.swift; path = SendbirdAssignTests.swift; sourceTree = "<group>"; };
		4B94E36825C42949003413A2 /* Info.plist */ = {isa = PBXFileReference; lastKnownFileType = text.plist.xml; path = Info.plist; sourceTree = "<group>"; };
		4B94E36D25C42949003413A2 /* SendbirdAssignUITests.xctest */ = {isa = PBXFileReference; explicitFileType = wrapper.cfbundle; includeInIndex = 0; path = SendbirdAssignUITests.xctest; sourceTree = BUILT_PRODUCTS_DIR; };
		4B94E37125C42949003413A2 /* SendbirdAssignUITests.swift */ = {isa = PBXFileReference; lastKnownFileType = sourcecode.swift; path = SendbirdAssignUITests.swift; sourceTree = "<group>"; };
		4B94E37325C42949003413A2 /* Info.plist */ = {isa = PBXFileReference; lastKnownFileType = text.plist.xml; path = Info.plist; sourceTree = "<group>"; };
		4B94E38325C429BA003413A2 /* Book.swift */ = {isa = PBXFileReference; lastKnownFileType = sourcecode.swift; path = Book.swift; sourceTree = "<group>"; };
		4B94E38B25C4310B003413A2 /* Note.swift */ = {isa = PBXFileReference; lastKnownFileType = sourcecode.swift; path = Note.swift; sourceTree = "<group>"; };
		4BAD112B25CA6BA0007FFB74 /* DetailViewController.swift */ = {isa = PBXFileReference; lastKnownFileType = sourcecode.swift; path = DetailViewController.swift; sourceTree = "<group>"; };
		4BAD113125CA8C49007FFB74 /* DBManager.swift */ = {isa = PBXFileReference; lastKnownFileType = sourcecode.swift; path = DBManager.swift; sourceTree = "<group>"; };
		4BAEECEE25C8EA5200671816 /* Extension.swift */ = {isa = PBXFileReference; lastKnownFileType = sourcecode.swift; path = Extension.swift; sourceTree = "<group>"; };
/* End PBXFileReference section */

/* Begin PBXFrameworksBuildPhase section */
		4B94E34925C42947003413A2 /* Frameworks */ = {
			isa = PBXFrameworksBuildPhase;
			buildActionMask = 2147483647;
			files = (
			);
			runOnlyForDeploymentPostprocessing = 0;
		};
		4B94E35F25C42949003413A2 /* Frameworks */ = {
			isa = PBXFrameworksBuildPhase;
			buildActionMask = 2147483647;
			files = (
			);
			runOnlyForDeploymentPostprocessing = 0;
		};
		4B94E36A25C42949003413A2 /* Frameworks */ = {
			isa = PBXFrameworksBuildPhase;
			buildActionMask = 2147483647;
			files = (
			);
			runOnlyForDeploymentPostprocessing = 0;
		};
/* End PBXFrameworksBuildPhase section */

/* Begin PBXGroup section */
		4B263C6025C778C5009ECF7D /* network */ = {
			isa = PBXGroup;
			children = (
				4B263C6125C778D5009ECF7D /* ApiManager.swift */,
				4B263C6925C77914009ECF7D /* ApiReqObj.swift */,
				4B263C6E25C77A18009ECF7D /* ApiPath.swift */,
			);
			path = network;
			sourceTree = "<group>";
		};
		4B263C9E25C7B36C009ECF7D /* viewController */ = {
			isa = PBXGroup;
			children = (
				4B263CA225C7B8D4009ECF7D /* SearchViewController.swift */,
				4BAD112B25CA6BA0007FFB74 /* DetailViewController.swift */,
			);
			path = viewController;
			sourceTree = "<group>";
		};
		4B5C4E7B25C98ACC0056CAB5 /* views */ = {
			isa = PBXGroup;
			children = (
				4B5C4E7C25C98AE10056CAB5 /* SearchTableViewCell.swift */,
			);
			path = views;
			sourceTree = "<group>";
		};
		4B94E34325C42947003413A2 = {
			isa = PBXGroup;
			children = (
				4B94E34E25C42947003413A2 /* SendbirdAssign */,
				4B94E36525C42949003413A2 /* SendbirdAssignTests */,
				4B94E37025C42949003413A2 /* SendbirdAssignUITests */,
				4B94E34D25C42947003413A2 /* Products */,
			);
			sourceTree = "<group>";
		};
		4B94E34D25C42947003413A2 /* Products */ = {
			isa = PBXGroup;
			children = (
				4B94E34C25C42947003413A2 /* SendbirdAssign.app */,
				4B94E36225C42949003413A2 /* SendbirdAssignTests.xctest */,
				4B94E36D25C42949003413A2 /* SendbirdAssignUITests.xctest */,
			);
			name = Products;
			sourceTree = "<group>";
		};
		4B94E34E25C42947003413A2 /* SendbirdAssign */ = {
			isa = PBXGroup;
			children = (
				4BAD113025CA8C22007FFB74 /* dataManager */,
				4B5C4E7B25C98ACC0056CAB5 /* views */,
				4B263C9E25C7B36C009ECF7D /* viewController */,
				4B263C6025C778C5009ECF7D /* network */,
				4B94E38225C429A6003413A2 /* model */,
				4BAEECEE25C8EA5200671816 /* Extension.swift */,
				4B94E34F25C42947003413A2 /* AppDelegate.swift */,
				4B94E35125C42947003413A2 /* SceneDelegate.swift */,
				4B94E35525C42947003413A2 /* Main.storyboard */,
				4B94E35825C42948003413A2 /* Assets.xcassets */,
				4B94E35A25C42948003413A2 /* LaunchScreen.storyboard */,
				4B94E35D25C42948003413A2 /* Info.plist */,
			);
			path = SendbirdAssign;
			sourceTree = "<group>";
		};
		4B94E36525C42949003413A2 /* SendbirdAssignTests */ = {
			isa = PBXGroup;
			children = (
				4B94E36625C42949003413A2 /* SendbirdAssignTests.swift */,
				4B94E36825C42949003413A2 /* Info.plist */,
			);
			path = SendbirdAssignTests;
			sourceTree = "<group>";
		};
		4B94E37025C42949003413A2 /* SendbirdAssignUITests */ = {
			isa = PBXGroup;
			children = (
				4B94E37125C42949003413A2 /* SendbirdAssignUITests.swift */,
				4B94E37325C42949003413A2 /* Info.plist */,
			);
			path = SendbirdAssignUITests;
			sourceTree = "<group>";
		};
		4B94E38225C429A6003413A2 /* model */ = {
			isa = PBXGroup;
			children = (
				4B263C7325C78C38009ECF7D /* SearchResponse.swift */,
				4B94E38325C429BA003413A2 /* Book.swift */,
				4B94E38B25C4310B003413A2 /* Note.swift */,
			);
			path = model;
			sourceTree = "<group>";
		};
		4BAD113025CA8C22007FFB74 /* dataManager */ = {
			isa = PBXGroup;
			children = (
				4BAD113125CA8C49007FFB74 /* DBManager.swift */,
			);
			path = dataManager;
			sourceTree = "<group>";
		};
/* End PBXGroup section */

/* Begin PBXNativeTarget section */
		4B94E34B25C42947003413A2 /* SendbirdAssign */ = {
			isa = PBXNativeTarget;
			buildConfigurationList = 4B94E37625C42949003413A2 /* Build configuration list for PBXNativeTarget "SendbirdAssign" */;
			buildPhases = (
				4B94E34825C42947003413A2 /* Sources */,
				4B94E34925C42947003413A2 /* Frameworks */,
				4B94E34A25C42947003413A2 /* Resources */,
			);
			buildRules = (
			);
			dependencies = (
			);
			name = SendbirdAssign;
			productName = SendbirdAssign;
			productReference = 4B94E34C25C42947003413A2 /* SendbirdAssign.app */;
			productType = "com.apple.product-type.application";
		};
		4B94E36125C42949003413A2 /* SendbirdAssignTests */ = {
			isa = PBXNativeTarget;
			buildConfigurationList = 4B94E37925C42949003413A2 /* Build configuration list for PBXNativeTarget "SendbirdAssignTests" */;
			buildPhases = (
				4B94E35E25C42949003413A2 /* Sources */,
				4B94E35F25C42949003413A2 /* Frameworks */,
				4B94E36025C42949003413A2 /* Resources */,
			);
			buildRules = (
			);
			dependencies = (
				4B94E36425C42949003413A2 /* PBXTargetDependency */,
			);
			name = SendbirdAssignTests;
			productName = SendbirdAssignTests;
			productReference = 4B94E36225C42949003413A2 /* SendbirdAssignTests.xctest */;
			productType = "com.apple.product-type.bundle.unit-test";
		};
		4B94E36C25C42949003413A2 /* SendbirdAssignUITests */ = {
			isa = PBXNativeTarget;
			buildConfigurationList = 4B94E37C25C42949003413A2 /* Build configuration list for PBXNativeTarget "SendbirdAssignUITests" */;
			buildPhases = (
				4B94E36925C42949003413A2 /* Sources */,
				4B94E36A25C42949003413A2 /* Frameworks */,
				4B94E36B25C42949003413A2 /* Resources */,
			);
			buildRules = (
			);
			dependencies = (
				4B94E36F25C42949003413A2 /* PBXTargetDependency */,
			);
			name = SendbirdAssignUITests;
			productName = SendbirdAssignUITests;
			productReference = 4B94E36D25C42949003413A2 /* SendbirdAssignUITests.xctest */;
			productType = "com.apple.product-type.bundle.ui-testing";
		};
/* End PBXNativeTarget section */

/* Begin PBXProject section */
		4B94E34425C42947003413A2 /* Project object */ = {
			isa = PBXProject;
			attributes = {
				LastSwiftUpdateCheck = 1230;
				LastUpgradeCheck = 1230;
				TargetAttributes = {
					4B94E34B25C42947003413A2 = {
						CreatedOnToolsVersion = 12.3;
					};
					4B94E36125C42949003413A2 = {
						CreatedOnToolsVersion = 12.3;
						TestTargetID = 4B94E34B25C42947003413A2;
					};
					4B94E36C25C42949003413A2 = {
						CreatedOnToolsVersion = 12.3;
						TestTargetID = 4B94E34B25C42947003413A2;
					};
				};
			};
			buildConfigurationList = 4B94E34725C42947003413A2 /* Build configuration list for PBXProject "SendbirdAssign" */;
			compatibilityVersion = "Xcode 9.3";
			developmentRegion = en;
			hasScannedForEncodings = 0;
			knownRegions = (
				en,
				Base,
			);
			mainGroup = 4B94E34325C42947003413A2;
			productRefGroup = 4B94E34D25C42947003413A2 /* Products */;
			projectDirPath = "";
			projectRoot = "";
			targets = (
				4B94E34B25C42947003413A2 /* SendbirdAssign */,
				4B94E36125C42949003413A2 /* SendbirdAssignTests */,
				4B94E36C25C42949003413A2 /* SendbirdAssignUITests */,
			);
		};
/* End PBXProject section */

/* Begin PBXResourcesBuildPhase section */
		4B94E34A25C42947003413A2 /* Resources */ = {
			isa = PBXResourcesBuildPhase;
			buildActionMask = 2147483647;
			files = (
				4B94E35C25C42948003413A2 /* LaunchScreen.storyboard in Resources */,
				4B94E35925C42948003413A2 /* Assets.xcassets in Resources */,
				4B94E35725C42947003413A2 /* Main.storyboard in Resources */,
			);
			runOnlyForDeploymentPostprocessing = 0;
		};
		4B94E36025C42949003413A2 /* Resources */ = {
			isa = PBXResourcesBuildPhase;
			buildActionMask = 2147483647;
			files = (
			);
			runOnlyForDeploymentPostprocessing = 0;
		};
		4B94E36B25C42949003413A2 /* Resources */ = {
			isa = PBXResourcesBuildPhase;
			buildActionMask = 2147483647;
			files = (
			);
			runOnlyForDeploymentPostprocessing = 0;
		};
/* End PBXResourcesBuildPhase section */

/* Begin PBXSourcesBuildPhase section */
		4B94E34825C42947003413A2 /* Sources */ = {
			isa = PBXSourcesBuildPhase;
			buildActionMask = 2147483647;
			files = (
				4B263CA325C7B8D4009ECF7D /* SearchViewController.swift in Sources */,
				4B94E38C25C4310B003413A2 /* Note.swift in Sources */,
				4B94E38425C429BA003413A2 /* Book.swift in Sources */,
				4BAD112C25CA6BA0007FFB74 /* DetailViewController.swift in Sources */,
				4B263C6A25C77914009ECF7D /* ApiReqObj.swift in Sources */,
				4B5C4E7D25C98AE10056CAB5 /* SearchTableViewCell.swift in Sources */,
				4B263C7425C78C38009ECF7D /* SearchResponse.swift in Sources */,
				4BAEECEF25C8EA5200671816 /* Extension.swift in Sources */,
				4B94E35025C42947003413A2 /* AppDelegate.swift in Sources */,
				4B263C6225C778D5009ECF7D /* ApiManager.swift in Sources */,
				4B94E35225C42947003413A2 /* SceneDelegate.swift in Sources */,
				4BAD113225CA8C49007FFB74 /* DBManager.swift in Sources */,
				4B263C6F25C77A18009ECF7D /* ApiPath.swift in Sources */,
			);
			runOnlyForDeploymentPostprocessing = 0;
		};
		4B94E35E25C42949003413A2 /* Sources */ = {
			isa = PBXSourcesBuildPhase;
			buildActionMask = 2147483647;
			files = (
				4B94E36725C42949003413A2 /* SendbirdAssignTests.swift in Sources */,
			);
			runOnlyForDeploymentPostprocessing = 0;
		};
		4B94E36925C42949003413A2 /* Sources */ = {
			isa = PBXSourcesBuildPhase;
			buildActionMask = 2147483647;
			files = (
				4B94E37225C42949003413A2 /* SendbirdAssignUITests.swift in Sources */,
			);
			runOnlyForDeploymentPostprocessing = 0;
		};
/* End PBXSourcesBuildPhase section */

/* Begin PBXTargetDependency section */
		4B94E36425C42949003413A2 /* PBXTargetDependency */ = {
			isa = PBXTargetDependency;
			target = 4B94E34B25C42947003413A2 /* SendbirdAssign */;
			targetProxy = 4B94E36325C42949003413A2 /* PBXContainerItemProxy */;
		};
		4B94E36F25C42949003413A2 /* PBXTargetDependency */ = {
			isa = PBXTargetDependency;
			target = 4B94E34B25C42947003413A2 /* SendbirdAssign */;
			targetProxy = 4B94E36E25C42949003413A2 /* PBXContainerItemProxy */;
		};
/* End PBXTargetDependency section */

/* Begin PBXVariantGroup section */
		4B94E35525C42947003413A2 /* Main.storyboard */ = {
			isa = PBXVariantGroup;
			children = (
				4B94E35625C42947003413A2 /* Base */,
			);
			name = Main.storyboard;
			sourceTree = "<group>";
		};
		4B94E35A25C42948003413A2 /* LaunchScreen.storyboard */ = {
			isa = PBXVariantGroup;
			children = (
				4B94E35B25C42948003413A2 /* Base */,
			);
			name = LaunchScreen.storyboard;
			sourceTree = "<group>";
		};
/* End PBXVariantGroup section */

/* Begin XCBuildConfiguration section */
		4B94E37425C42949003413A2 /* Debug */ = {
			isa = XCBuildConfiguration;
			buildSettings = {
				ALWAYS_SEARCH_USER_PATHS = NO;
				CLANG_ANALYZER_NONNULL = YES;
				CLANG_ANALYZER_NUMBER_OBJECT_CONVERSION = YES_AGGRESSIVE;
				CLANG_CXX_LANGUAGE_STANDARD = "gnu++14";
				CLANG_CXX_LIBRARY = "libc++";
				CLANG_ENABLE_MODULES = YES;
				CLANG_ENABLE_OBJC_ARC = YES;
				CLANG_ENABLE_OBJC_WEAK = YES;
				CLANG_WARN_BLOCK_CAPTURE_AUTORELEASING = YES;
				CLANG_WARN_BOOL_CONVERSION = YES;
				CLANG_WARN_COMMA = YES;
				CLANG_WARN_CONSTANT_CONVERSION = YES;
				CLANG_WARN_DEPRECATED_OBJC_IMPLEMENTATIONS = YES;
				CLANG_WARN_DIRECT_OBJC_ISA_USAGE = YES_ERROR;
				CLANG_WARN_DOCUMENTATION_COMMENTS = YES;
				CLANG_WARN_EMPTY_BODY = YES;
				CLANG_WARN_ENUM_CONVERSION = YES;
				CLANG_WARN_INFINITE_RECURSION = YES;
				CLANG_WARN_INT_CONVERSION = YES;
				CLANG_WARN_NON_LITERAL_NULL_CONVERSION = YES;
				CLANG_WARN_OBJC_IMPLICIT_RETAIN_SELF = YES;
				CLANG_WARN_OBJC_LITERAL_CONVERSION = YES;
				CLANG_WARN_OBJC_ROOT_CLASS = YES_ERROR;
				CLANG_WARN_QUOTED_INCLUDE_IN_FRAMEWORK_HEADER = YES;
				CLANG_WARN_RANGE_LOOP_ANALYSIS = YES;
				CLANG_WARN_STRICT_PROTOTYPES = YES;
				CLANG_WARN_SUSPICIOUS_MOVE = YES;
				CLANG_WARN_UNGUARDED_AVAILABILITY = YES_AGGRESSIVE;
				CLANG_WARN_UNREACHABLE_CODE = YES;
				CLANG_WARN__DUPLICATE_METHOD_MATCH = YES;
				COPY_PHASE_STRIP = NO;
				DEBUG_INFORMATION_FORMAT = dwarf;
				ENABLE_STRICT_OBJC_MSGSEND = YES;
				ENABLE_TESTABILITY = YES;
				GCC_C_LANGUAGE_STANDARD = gnu11;
				GCC_DYNAMIC_NO_PIC = NO;
				GCC_NO_COMMON_BLOCKS = YES;
				GCC_OPTIMIZATION_LEVEL = 0;
				GCC_PREPROCESSOR_DEFINITIONS = (
					"DEBUG=1",
					"$(inherited)",
				);
				GCC_WARN_64_TO_32_BIT_CONVERSION = YES;
				GCC_WARN_ABOUT_RETURN_TYPE = YES_ERROR;
				GCC_WARN_UNDECLARED_SELECTOR = YES;
				GCC_WARN_UNINITIALIZED_AUTOS = YES_AGGRESSIVE;
				GCC_WARN_UNUSED_FUNCTION = YES;
				GCC_WARN_UNUSED_VARIABLE = YES;
				IPHONEOS_DEPLOYMENT_TARGET = 13.0;
				MTL_ENABLE_DEBUG_INFO = INCLUDE_SOURCE;
				MTL_FAST_MATH = YES;
				ONLY_ACTIVE_ARCH = YES;
				SDKROOT = iphoneos;
				SWIFT_ACTIVE_COMPILATION_CONDITIONS = DEBUG;
				SWIFT_OPTIMIZATION_LEVEL = "-Onone";
			};
			name = Debug;
		};
		4B94E37525C42949003413A2 /* Release */ = {
			isa = XCBuildConfiguration;
			buildSettings = {
				ALWAYS_SEARCH_USER_PATHS = NO;
				CLANG_ANALYZER_NONNULL = YES;
				CLANG_ANALYZER_NUMBER_OBJECT_CONVERSION = YES_AGGRESSIVE;
				CLANG_CXX_LANGUAGE_STANDARD = "gnu++14";
				CLANG_CXX_LIBRARY = "libc++";
				CLANG_ENABLE_MODULES = YES;
				CLANG_ENABLE_OBJC_ARC = YES;
				CLANG_ENABLE_OBJC_WEAK = YES;
				CLANG_WARN_BLOCK_CAPTURE_AUTORELEASING = YES;
				CLANG_WARN_BOOL_CONVERSION = YES;
				CLANG_WARN_COMMA = YES;
				CLANG_WARN_CONSTANT_CONVERSION = YES;
				CLANG_WARN_DEPRECATED_OBJC_IMPLEMENTATIONS = YES;
				CLANG_WARN_DIRECT_OBJC_ISA_USAGE = YES_ERROR;
				CLANG_WARN_DOCUMENTATION_COMMENTS = YES;
				CLANG_WARN_EMPTY_BODY = YES;
				CLANG_WARN_ENUM_CONVERSION = YES;
				CLANG_WARN_INFINITE_RECURSION = YES;
				CLANG_WARN_INT_CONVERSION = YES;
				CLANG_WARN_NON_LITERAL_NULL_CONVERSION = YES;
				CLANG_WARN_OBJC_IMPLICIT_RETAIN_SELF = YES;
				CLANG_WARN_OBJC_LITERAL_CONVERSION = YES;
				CLANG_WARN_OBJC_ROOT_CLASS = YES_ERROR;
				CLANG_WARN_QUOTED_INCLUDE_IN_FRAMEWORK_HEADER = YES;
				CLANG_WARN_RANGE_LOOP_ANALYSIS = YES;
				CLANG_WARN_STRICT_PROTOTYPES = YES;
				CLANG_WARN_SUSPICIOUS_MOVE = YES;
				CLANG_WARN_UNGUARDED_AVAILABILITY = YES_AGGRESSIVE;
				CLANG_WARN_UNREACHABLE_CODE = YES;
				CLANG_WARN__DUPLICATE_METHOD_MATCH = YES;
				COPY_PHASE_STRIP = NO;
				DEBUG_INFORMATION_FORMAT = "dwarf-with-dsym";
				ENABLE_NS_ASSERTIONS = NO;
				ENABLE_STRICT_OBJC_MSGSEND = YES;
				GCC_C_LANGUAGE_STANDARD = gnu11;
				GCC_NO_COMMON_BLOCKS = YES;
				GCC_WARN_64_TO_32_BIT_CONVERSION = YES;
				GCC_WARN_ABOUT_RETURN_TYPE = YES_ERROR;
				GCC_WARN_UNDECLARED_SELECTOR = YES;
				GCC_WARN_UNINITIALIZED_AUTOS = YES_AGGRESSIVE;
				GCC_WARN_UNUSED_FUNCTION = YES;
				GCC_WARN_UNUSED_VARIABLE = YES;
				IPHONEOS_DEPLOYMENT_TARGET = 13.0;
				MTL_ENABLE_DEBUG_INFO = NO;
				MTL_FAST_MATH = YES;
				SDKROOT = iphoneos;
				SWIFT_COMPILATION_MODE = wholemodule;
				SWIFT_OPTIMIZATION_LEVEL = "-O";
				VALIDATE_PRODUCT = YES;
			};
			name = Release;
		};
		4B94E37725C42949003413A2 /* Debug */ = {
			isa = XCBuildConfiguration;
			buildSettings = {
				ASSETCATALOG_COMPILER_APPICON_NAME = AppIcon;
				ASSETCATALOG_COMPILER_GLOBAL_ACCENT_COLOR_NAME = AccentColor;
				CODE_SIGN_STYLE = Automatic;
				DEVELOPMENT_TEAM = W4T94USG8M;
				INFOPLIST_FILE = SendbirdAssign/Info.plist;
				LD_RUNPATH_SEARCH_PATHS = (
					"$(inherited)",
					"@executable_path/Frameworks",
				);
				PRODUCT_BUNDLE_IDENTIFIER = com.ygsong.SendbirdAssign;
				PRODUCT_NAME = "$(TARGET_NAME)";
				SWIFT_VERSION = 5.0;
				TARGETED_DEVICE_FAMILY = "1,2";
			};
			name = Debug;
		};
		4B94E37825C42949003413A2 /* Release */ = {
			isa = XCBuildConfiguration;
			buildSettings = {
				ASSETCATALOG_COMPILER_APPICON_NAME = AppIcon;
				ASSETCATALOG_COMPILER_GLOBAL_ACCENT_COLOR_NAME = AccentColor;
				CODE_SIGN_STYLE = Automatic;
				DEVELOPMENT_TEAM = C2DUQ25QQQ;
				INFOPLIST_FILE = SendbirdAssign/Info.plist;
				LD_RUNPATH_SEARCH_PATHS = (
					"$(inherited)",
					"@executable_path/Frameworks",
				);
				PRODUCT_BUNDLE_IDENTIFIER = com.ygsong.SendbirdAssign;
				PRODUCT_NAME = "$(TARGET_NAME)";
				SWIFT_VERSION = 5.0;
				TARGETED_DEVICE_FAMILY = "1,2";
			};
			name = Release;
		};
		4B94E37A25C42949003413A2 /* Debug */ = {
			isa = XCBuildConfiguration;
			buildSettings = {
				ALWAYS_EMBED_SWIFT_STANDARD_LIBRARIES = YES;
				BUNDLE_LOADER = "$(TEST_HOST)";
				CODE_SIGN_STYLE = Automatic;
				DEVELOPMENT_TEAM = C2DUQ25QQQ;
				INFOPLIST_FILE = SendbirdAssignTests/Info.plist;
				IPHONEOS_DEPLOYMENT_TARGET = 14.3;
				LD_RUNPATH_SEARCH_PATHS = (
					"$(inherited)",
					"@executable_path/Frameworks",
					"@loader_path/Frameworks",
				);
				PRODUCT_BUNDLE_IDENTIFIER = com.daddy73e.SendbirdAssignTests;
				PRODUCT_NAME = "$(TARGET_NAME)";
				SWIFT_VERSION = 5.0;
				TARGETED_DEVICE_FAMILY = "1,2";
				TEST_HOST = "$(BUILT_PRODUCTS_DIR)/SendbirdAssign.app/SendbirdAssign";
			};
			name = Debug;
		};
		4B94E37B25C42949003413A2 /* Release */ = {
			isa = XCBuildConfiguration;
			buildSettings = {
				ALWAYS_EMBED_SWIFT_STANDARD_LIBRARIES = YES;
				BUNDLE_LOADER = "$(TEST_HOST)";
				CODE_SIGN_STYLE = Automatic;
				DEVELOPMENT_TEAM = C2DUQ25QQQ;
				INFOPLIST_FILE = SendbirdAssignTests/Info.plist;
				IPHONEOS_DEPLOYMENT_TARGET = 14.3;
				LD_RUNPATH_SEARCH_PATHS = (
					"$(inherited)",
					"@executable_path/Frameworks",
					"@loader_path/Frameworks",
				);
				PRODUCT_BUNDLE_IDENTIFIER = com.daddy73e.SendbirdAssignTests;
				PRODUCT_NAME = "$(TARGET_NAME)";
				SWIFT_VERSION = 5.0;
				TARGETED_DEVICE_FAMILY = "1,2";
				TEST_HOST = "$(BUILT_PRODUCTS_DIR)/SendbirdAssign.app/SendbirdAssign";
			};
			name = Release;
		};
		4B94E37D25C42949003413A2 /* Debug */ = {
			isa = XCBuildConfiguration;
			buildSettings = {
				ALWAYS_EMBED_SWIFT_STANDARD_LIBRARIES = YES;
				CODE_SIGN_STYLE = Automatic;
				DEVELOPMENT_TEAM = C2DUQ25QQQ;
				INFOPLIST_FILE = SendbirdAssignUITests/Info.plist;
				LD_RUNPATH_SEARCH_PATHS = (
					"$(inherited)",
					"@executable_path/Frameworks",
					"@loader_path/Frameworks",
				);
				PRODUCT_BUNDLE_IDENTIFIER = com.daddy73e.SendbirdAssignUITests;
				PRODUCT_NAME = "$(TARGET_NAME)";
				SWIFT_VERSION = 5.0;
				TARGETED_DEVICE_FAMILY = "1,2";
				TEST_TARGET_NAME = SendbirdAssign;
			};
			name = Debug;
		};
		4B94E37E25C42949003413A2 /* Release */ = {
			isa = XCBuildConfiguration;
			buildSettings = {
				ALWAYS_EMBED_SWIFT_STANDARD_LIBRARIES = YES;
				CODE_SIGN_STYLE = Automatic;
				DEVELOPMENT_TEAM = C2DUQ25QQQ;
				INFOPLIST_FILE = SendbirdAssignUITests/Info.plist;
				LD_RUNPATH_SEARCH_PATHS = (
					"$(inherited)",
					"@executable_path/Frameworks",
					"@loader_path/Frameworks",
				);
				PRODUCT_BUNDLE_IDENTIFIER = com.daddy73e.SendbirdAssignUITests;
				PRODUCT_NAME = "$(TARGET_NAME)";
				SWIFT_VERSION = 5.0;
				TARGETED_DEVICE_FAMILY = "1,2";
				TEST_TARGET_NAME = SendbirdAssign;
			};
			name = Release;
		};
/* End XCBuildConfiguration section */

/* Begin XCConfigurationList section */
		4B94E34725C42947003413A2 /* Build configuration list for PBXProject "SendbirdAssign" */ = {
			isa = XCConfigurationList;
			buildConfigurations = (
				4B94E37425C42949003413A2 /* Debug */,
				4B94E37525C42949003413A2 /* Release */,
			);
			defaultConfigurationIsVisible = 0;
			defaultConfigurationName = Release;
		};
		4B94E37625C42949003413A2 /* Build configuration list for PBXNativeTarget "SendbirdAssign" */ = {
			isa = XCConfigurationList;
			buildConfigurations = (
				4B94E37725C42949003413A2 /* Debug */,
				4B94E37825C42949003413A2 /* Release */,
			);
			defaultConfigurationIsVisible = 0;
			defaultConfigurationName = Release;
		};
		4B94E37925C42949003413A2 /* Build configuration list for PBXNativeTarget "SendbirdAssignTests" */ = {
			isa = XCConfigurationList;
			buildConfigurations = (
				4B94E37A25C42949003413A2 /* Debug */,
				4B94E37B25C42949003413A2 /* Release */,
			);
			defaultConfigurationIsVisible = 0;
			defaultConfigurationName = Release;
		};
		4B94E37C25C42949003413A2 /* Build configuration list for PBXNativeTarget "SendbirdAssignUITests" */ = {
			isa = XCConfigurationList;
			buildConfigurations = (
				4B94E37D25C42949003413A2 /* Debug */,
				4B94E37E25C42949003413A2 /* Release */,
			);
			defaultConfigurationIsVisible = 0;
			defaultConfigurationName = Release;
		};
/* End XCConfigurationList section */
	};
	rootObject = 4B94E34425C42947003413A2 /* Project object */;
}
